
Microsoft Visual Studio Solution File, Format Version 12.00
# Visual Studio 15
VisualStudioVersion = 15.0.28307.168
MinimumVisualStudioVersion = 10.0.40219.1
Project("{9A19103F-16F7-4668-BE54-9A1E7A4F7556}") = "MvvmTools", "MvvmTools\MvvmTools.csproj", "{FDF1AEAD-72BB-42CD-91A9-3AFDEDB90548}"
EndProject
Project("{FAE04EC0-301F-11D3-BF4B-00C04F79EFBC}") = "MvvmTools.WPF", "MvvmTools.WPF\MvvmTools.WPF.csproj", "{F95F618A-FD8E-4891-A64F-1D131026FB96}"
EndProject
Project("{9A19103F-16F7-4668-BE54-9A1E7A4F7556}") = "MvvmTools.Demo", "MvvmTools.Demo\MvvmTools.Demo.csproj", "{02C8101A-72E7-4E12-A4C3-341CF89A9F67}"
EndProject
Project("{FAE04EC0-301F-11D3-BF4B-00C04F79EFBC}") = "MvvmTools.Demo.WPF", "MvvmTools.Demo.WPF\MvvmTools.Demo.WPF.csproj", "{7DBBF98F-A796-4FA1-8394-2ACA0AAE9997}"
EndProject
Project("{FAE04EC0-301F-11D3-BF4B-00C04F79EFBC}") = "MvvmTools.Demo.XForms.Android", "MvvmTools.Demo.XForms\MvvmTools.Demo.XForms.Android\MvvmTools.Demo.XForms.Android.csproj", "{E43B1C86-C6AC-40D5-943E-1DF16CFFE8D3}"
EndProject
Project("{FAE04EC0-301F-11D3-BF4B-00C04F79EFBC}") = "MvvmTools.Demo.XForms.iOS", "MvvmTools.Demo.XForms\MvvmTools.Demo.XForms.iOS\MvvmTools.Demo.XForms.iOS.csproj", "{45D23112-1E03-4FE3-A7F7-FAB0DBBD3216}"
EndProject
Project("{FAE04EC0-301F-11D3-BF4B-00C04F79EFBC}") = "MvvmTools.Demo.XForms.UWP", "MvvmTools.Demo.XForms\MvvmTools.Demo.XForms.UWP\MvvmTools.Demo.XForms.UWP.csproj", "{1715C667-EDD5-40B3-B0B9-531C4FF17BFE}"
EndProject
Project("{9A19103F-16F7-4668-BE54-9A1E7A4F7556}") = "MvvmTools.Demo.XForms", "MvvmTools.Demo.XForms\MvvmTools.Demo.XForms\MvvmTools.Demo.XForms.csproj", "{E9C29553-FBD1-404A-A951-4C400E330998}"
EndProject
Project("{9A19103F-16F7-4668-BE54-9A1E7A4F7556}") = "MvvmTools.XForms", "MvvmTools.XForms\MvvmTools.XForms.csproj", "{9A48D91C-E410-4C0B-A8D7-692D58B315F6}"
EndProject
Project("{2150E333-8FDC-42A3-9474-1A3956D46DE8}") = "Demo", "Demo", "{AA911C44-ABAC-4139-B91D-1FA658BA8935}"
EndProject
Project("{2150E333-8FDC-42A3-9474-1A3956D46DE8}") = "Platforms", "Platforms", "{DF7A09C3-6E43-4764-94C1-34BC25600F8D}"
EndProject
Global
	GlobalSection(SolutionConfigurationPlatforms) = preSolution
		Ad-Hoc|Any CPU = Ad-Hoc|Any CPU
		Ad-Hoc|ARM = Ad-Hoc|ARM
		Ad-Hoc|iPhone = Ad-Hoc|iPhone
		Ad-Hoc|iPhoneSimulator = Ad-Hoc|iPhoneSimulator
		Ad-Hoc|x64 = Ad-Hoc|x64
		Ad-Hoc|x86 = Ad-Hoc|x86
		AppStore|Any CPU = AppStore|Any CPU
		AppStore|ARM = AppStore|ARM
		AppStore|iPhone = AppStore|iPhone
		AppStore|iPhoneSimulator = AppStore|iPhoneSimulator
		AppStore|x64 = AppStore|x64
		AppStore|x86 = AppStore|x86
		Debug|Any CPU = Debug|Any CPU
		Debug|ARM = Debug|ARM
		Debug|iPhone = Debug|iPhone
		Debug|iPhoneSimulator = Debug|iPhoneSimulator
		Debug|x64 = Debug|x64
		Debug|x86 = Debug|x86
		Release|Any CPU = Release|Any CPU
		Release|ARM = Release|ARM
		Release|iPhone = Release|iPhone
		Release|iPhoneSimulator = Release|iPhoneSimulator
		Release|x64 = Release|x64
		Release|x86 = Release|x86
	EndGlobalSection
	GlobalSection(ProjectConfigurationPlatforms) = postSolution
		{FDF1AEAD-72BB-42CD-91A9-3AFDEDB90548}.Ad-Hoc|Any CPU.ActiveCfg = Debug|Any CPU
		{FDF1AEAD-72BB-42CD-91A9-3AFDEDB90548}.Ad-Hoc|Any CPU.Build.0 = Debug|Any CPU
		{FDF1AEAD-72BB-42CD-91A9-3AFDEDB90548}.Ad-Hoc|ARM.ActiveCfg = Debug|Any CPU
		{FDF1AEAD-72BB-42CD-91A9-3AFDEDB90548}.Ad-Hoc|ARM.Build.0 = Debug|Any CPU
		{FDF1AEAD-72BB-42CD-91A9-3AFDEDB90548}.Ad-Hoc|iPhone.ActiveCfg = Debug|Any CPU
		{FDF1AEAD-72BB-42CD-91A9-3AFDEDB90548}.Ad-Hoc|iPhone.Build.0 = Debug|Any CPU
		{FDF1AEAD-72BB-42CD-91A9-3AFDEDB90548}.Ad-Hoc|iPhoneSimulator.ActiveCfg = Debug|Any CPU
		{FDF1AEAD-72BB-42CD-91A9-3AFDEDB90548}.Ad-Hoc|iPhoneSimulator.Build.0 = Debug|Any CPU
		{FDF1AEAD-72BB-42CD-91A9-3AFDEDB90548}.Ad-Hoc|x64.ActiveCfg = Debug|Any CPU
		{FDF1AEAD-72BB-42CD-91A9-3AFDEDB90548}.Ad-Hoc|x64.Build.0 = Debug|Any CPU
		{FDF1AEAD-72BB-42CD-91A9-3AFDEDB90548}.Ad-Hoc|x86.ActiveCfg = Debug|Any CPU
		{FDF1AEAD-72BB-42CD-91A9-3AFDEDB90548}.Ad-Hoc|x86.Build.0 = Debug|Any CPU
		{FDF1AEAD-72BB-42CD-91A9-3AFDEDB90548}.AppStore|Any CPU.ActiveCfg = Debug|Any CPU
		{FDF1AEAD-72BB-42CD-91A9-3AFDEDB90548}.AppStore|Any CPU.Build.0 = Debug|Any CPU
		{FDF1AEAD-72BB-42CD-91A9-3AFDEDB90548}.AppStore|ARM.ActiveCfg = Debug|Any CPU
		{FDF1AEAD-72BB-42CD-91A9-3AFDEDB90548}.AppStore|ARM.Build.0 = Debug|Any CPU
		{FDF1AEAD-72BB-42CD-91A9-3AFDEDB90548}.AppStore|iPhone.ActiveCfg = Debug|Any CPU
		{FDF1AEAD-72BB-42CD-91A9-3AFDEDB90548}.AppStore|iPhone.Build.0 = Debug|Any CPU
		{FDF1AEAD-72BB-42CD-91A9-3AFDEDB90548}.AppStore|iPhoneSimulator.ActiveCfg = Debug|Any CPU
		{FDF1AEAD-72BB-42CD-91A9-3AFDEDB90548}.AppStore|iPhoneSimulator.Build.0 = Debug|Any CPU
		{FDF1AEAD-72BB-42CD-91A9-3AFDEDB90548}.AppStore|x64.ActiveCfg = Debug|Any CPU
		{FDF1AEAD-72BB-42CD-91A9-3AFDEDB90548}.AppStore|x64.Build.0 = Debug|Any CPU
		{FDF1AEAD-72BB-42CD-91A9-3AFDEDB90548}.AppStore|x86.ActiveCfg = Debug|Any CPU
		{FDF1AEAD-72BB-42CD-91A9-3AFDEDB90548}.AppStore|x86.Build.0 = Debug|Any CPU
		{FDF1AEAD-72BB-42CD-91A9-3AFDEDB90548}.Debug|Any CPU.ActiveCfg = Debug|Any CPU
		{FDF1AEAD-72BB-42CD-91A9-3AFDEDB90548}.Debug|Any CPU.Build.0 = Debug|Any CPU
		{FDF1AEAD-72BB-42CD-91A9-3AFDEDB90548}.Debug|ARM.ActiveCfg = Debug|Any CPU
		{FDF1AEAD-72BB-42CD-91A9-3AFDEDB90548}.Debug|ARM.Build.0 = Debug|Any CPU
		{FDF1AEAD-72BB-42CD-91A9-3AFDEDB90548}.Debug|iPhone.ActiveCfg = Debug|Any CPU
		{FDF1AEAD-72BB-42CD-91A9-3AFDEDB90548}.Debug|iPhone.Build.0 = Debug|Any CPU
		{FDF1AEAD-72BB-42CD-91A9-3AFDEDB90548}.Debug|iPhoneSimulator.ActiveCfg = Debug|Any CPU
		{FDF1AEAD-72BB-42CD-91A9-3AFDEDB90548}.Debug|iPhoneSimulator.Build.0 = Debug|Any CPU
		{FDF1AEAD-72BB-42CD-91A9-3AFDEDB90548}.Debug|x64.ActiveCfg = Debug|Any CPU
		{FDF1AEAD-72BB-42CD-91A9-3AFDEDB90548}.Debug|x64.Build.0 = Debug|Any CPU
		{FDF1AEAD-72BB-42CD-91A9-3AFDEDB90548}.Debug|x86.ActiveCfg = Debug|Any CPU
		{FDF1AEAD-72BB-42CD-91A9-3AFDEDB90548}.Debug|x86.Build.0 = Debug|Any CPU
		{FDF1AEAD-72BB-42CD-91A9-3AFDEDB90548}.Release|Any CPU.ActiveCfg = Release|Any CPU
		{FDF1AEAD-72BB-42CD-91A9-3AFDEDB90548}.Release|Any CPU.Build.0 = Release|Any CPU
		{FDF1AEAD-72BB-42CD-91A9-3AFDEDB90548}.Release|ARM.ActiveCfg = Release|Any CPU
		{FDF1AEAD-72BB-42CD-91A9-3AFDEDB90548}.Release|ARM.Build.0 = Release|Any CPU
		{FDF1AEAD-72BB-42CD-91A9-3AFDEDB90548}.Release|iPhone.ActiveCfg = Release|Any CPU
		{FDF1AEAD-72BB-42CD-91A9-3AFDEDB90548}.Release|iPhone.Build.0 = Release|Any CPU
		{FDF1AEAD-72BB-42CD-91A9-3AFDEDB90548}.Release|iPhoneSimulator.ActiveCfg = Release|Any CPU
		{FDF1AEAD-72BB-42CD-91A9-3AFDEDB90548}.Release|iPhoneSimulator.Build.0 = Release|Any CPU
		{FDF1AEAD-72BB-42CD-91A9-3AFDEDB90548}.Release|x64.ActiveCfg = Release|Any CPU
		{FDF1AEAD-72BB-42CD-91A9-3AFDEDB90548}.Release|x64.Build.0 = Release|Any CPU
		{FDF1AEAD-72BB-42CD-91A9-3AFDEDB90548}.Release|x86.ActiveCfg = Release|Any CPU
		{FDF1AEAD-72BB-42CD-91A9-3AFDEDB90548}.Release|x86.Build.0 = Release|Any CPU
		{F95F618A-FD8E-4891-A64F-1D131026FB96}.Ad-Hoc|Any CPU.ActiveCfg = Release|Any CPU
		{F95F618A-FD8E-4891-A64F-1D131026FB96}.Ad-Hoc|Any CPU.Build.0 = Release|Any CPU
		{F95F618A-FD8E-4891-A64F-1D131026FB96}.Ad-Hoc|ARM.ActiveCfg = Release|Any CPU
		{F95F618A-FD8E-4891-A64F-1D131026FB96}.Ad-Hoc|ARM.Build.0 = Release|Any CPU
		{F95F618A-FD8E-4891-A64F-1D131026FB96}.Ad-Hoc|iPhone.ActiveCfg = Release|Any CPU
		{F95F618A-FD8E-4891-A64F-1D131026FB96}.Ad-Hoc|iPhone.Build.0 = Release|Any CPU
		{F95F618A-FD8E-4891-A64F-1D131026FB96}.Ad-Hoc|iPhoneSimulator.ActiveCfg = Release|Any CPU
		{F95F618A-FD8E-4891-A64F-1D131026FB96}.Ad-Hoc|iPhoneSimulator.Build.0 = Release|Any CPU
		{F95F618A-FD8E-4891-A64F-1D131026FB96}.Ad-Hoc|x64.ActiveCfg = Release|Any CPU
		{F95F618A-FD8E-4891-A64F-1D131026FB96}.Ad-Hoc|x64.Build.0 = Release|Any CPU
		{F95F618A-FD8E-4891-A64F-1D131026FB96}.Ad-Hoc|x86.ActiveCfg = Release|Any CPU
		{F95F618A-FD8E-4891-A64F-1D131026FB96}.Ad-Hoc|x86.Build.0 = Release|Any CPU
		{F95F618A-FD8E-4891-A64F-1D131026FB96}.AppStore|Any CPU.ActiveCfg = Release|Any CPU
		{F95F618A-FD8E-4891-A64F-1D131026FB96}.AppStore|Any CPU.Build.0 = Release|Any CPU
		{F95F618A-FD8E-4891-A64F-1D131026FB96}.AppStore|ARM.ActiveCfg = Release|Any CPU
		{F95F618A-FD8E-4891-A64F-1D131026FB96}.AppStore|ARM.Build.0 = Release|Any CPU
		{F95F618A-FD8E-4891-A64F-1D131026FB96}.AppStore|iPhone.ActiveCfg = Release|Any CPU
		{F95F618A-FD8E-4891-A64F-1D131026FB96}.AppStore|iPhone.Build.0 = Release|Any CPU
		{F95F618A-FD8E-4891-A64F-1D131026FB96}.AppStore|iPhoneSimulator.ActiveCfg = Release|Any CPU
		{F95F618A-FD8E-4891-A64F-1D131026FB96}.AppStore|iPhoneSimulator.Build.0 = Release|Any CPU
		{F95F618A-FD8E-4891-A64F-1D131026FB96}.AppStore|x64.ActiveCfg = Release|Any CPU
		{F95F618A-FD8E-4891-A64F-1D131026FB96}.AppStore|x64.Build.0 = Release|Any CPU
		{F95F618A-FD8E-4891-A64F-1D131026FB96}.AppStore|x86.ActiveCfg = Release|Any CPU
		{F95F618A-FD8E-4891-A64F-1D131026FB96}.AppStore|x86.Build.0 = Release|Any CPU
		{F95F618A-FD8E-4891-A64F-1D131026FB96}.Debug|Any CPU.ActiveCfg = Debug|Any CPU
		{F95F618A-FD8E-4891-A64F-1D131026FB96}.Debug|Any CPU.Build.0 = Debug|Any CPU
		{F95F618A-FD8E-4891-A64F-1D131026FB96}.Debug|ARM.ActiveCfg = Debug|Any CPU
		{F95F618A-FD8E-4891-A64F-1D131026FB96}.Debug|ARM.Build.0 = Debug|Any CPU
		{F95F618A-FD8E-4891-A64F-1D131026FB96}.Debug|iPhone.ActiveCfg = Debug|Any CPU
		{F95F618A-FD8E-4891-A64F-1D131026FB96}.Debug|iPhone.Build.0 = Debug|Any CPU
		{F95F618A-FD8E-4891-A64F-1D131026FB96}.Debug|iPhoneSimulator.ActiveCfg = Debug|Any CPU
		{F95F618A-FD8E-4891-A64F-1D131026FB96}.Debug|iPhoneSimulator.Build.0 = Debug|Any CPU
		{F95F618A-FD8E-4891-A64F-1D131026FB96}.Debug|x64.ActiveCfg = Debug|Any CPU
		{F95F618A-FD8E-4891-A64F-1D131026FB96}.Debug|x64.Build.0 = Debug|Any CPU
		{F95F618A-FD8E-4891-A64F-1D131026FB96}.Debug|x86.ActiveCfg = Debug|Any CPU
		{F95F618A-FD8E-4891-A64F-1D131026FB96}.Debug|x86.Build.0 = Debug|Any CPU
		{F95F618A-FD8E-4891-A64F-1D131026FB96}.Release|Any CPU.ActiveCfg = Release|Any CPU
		{F95F618A-FD8E-4891-A64F-1D131026FB96}.Release|Any CPU.Build.0 = Release|Any CPU
		{F95F618A-FD8E-4891-A64F-1D131026FB96}.Release|ARM.ActiveCfg = Release|Any CPU
		{F95F618A-FD8E-4891-A64F-1D131026FB96}.Release|ARM.Build.0 = Release|Any CPU
		{F95F618A-FD8E-4891-A64F-1D131026FB96}.Release|iPhone.ActiveCfg = Release|Any CPU
		{F95F618A-FD8E-4891-A64F-1D131026FB96}.Release|iPhone.Build.0 = Release|Any CPU
		{F95F618A-FD8E-4891-A64F-1D131026FB96}.Release|iPhoneSimulator.ActiveCfg = Release|Any CPU
		{F95F618A-FD8E-4891-A64F-1D131026FB96}.Release|iPhoneSimulator.Build.0 = Release|Any CPU
		{F95F618A-FD8E-4891-A64F-1D131026FB96}.Release|x64.ActiveCfg = Release|Any CPU
		{F95F618A-FD8E-4891-A64F-1D131026FB96}.Release|x64.Build.0 = Release|Any CPU
		{F95F618A-FD8E-4891-A64F-1D131026FB96}.Release|x86.ActiveCfg = Release|Any CPU
		{F95F618A-FD8E-4891-A64F-1D131026FB96}.Release|x86.Build.0 = Release|Any CPU
		{02C8101A-72E7-4E12-A4C3-341CF89A9F67}.Ad-Hoc|Any CPU.ActiveCfg = Debug|Any CPU
		{02C8101A-72E7-4E12-A4C3-341CF89A9F67}.Ad-Hoc|Any CPU.Build.0 = Debug|Any CPU
		{02C8101A-72E7-4E12-A4C3-341CF89A9F67}.Ad-Hoc|ARM.ActiveCfg = Debug|Any CPU
		{02C8101A-72E7-4E12-A4C3-341CF89A9F67}.Ad-Hoc|ARM.Build.0 = Debug|Any CPU
		{02C8101A-72E7-4E12-A4C3-341CF89A9F67}.Ad-Hoc|iPhone.ActiveCfg = Debug|Any CPU
		{02C8101A-72E7-4E12-A4C3-341CF89A9F67}.Ad-Hoc|iPhone.Build.0 = Debug|Any CPU
		{02C8101A-72E7-4E12-A4C3-341CF89A9F67}.Ad-Hoc|iPhoneSimulator.ActiveCfg = Debug|Any CPU
		{02C8101A-72E7-4E12-A4C3-341CF89A9F67}.Ad-Hoc|iPhoneSimulator.Build.0 = Debug|Any CPU
		{02C8101A-72E7-4E12-A4C3-341CF89A9F67}.Ad-Hoc|x64.ActiveCfg = Debug|Any CPU
		{02C8101A-72E7-4E12-A4C3-341CF89A9F67}.Ad-Hoc|x64.Build.0 = Debug|Any CPU
		{02C8101A-72E7-4E12-A4C3-341CF89A9F67}.Ad-Hoc|x86.ActiveCfg = Debug|Any CPU
		{02C8101A-72E7-4E12-A4C3-341CF89A9F67}.Ad-Hoc|x86.Build.0 = Debug|Any CPU
		{02C8101A-72E7-4E12-A4C3-341CF89A9F67}.AppStore|Any CPU.ActiveCfg = Debug|Any CPU
		{02C8101A-72E7-4E12-A4C3-341CF89A9F67}.AppStore|Any CPU.Build.0 = Debug|Any CPU
		{02C8101A-72E7-4E12-A4C3-341CF89A9F67}.AppStore|ARM.ActiveCfg = Debug|Any CPU
		{02C8101A-72E7-4E12-A4C3-341CF89A9F67}.AppStore|ARM.Build.0 = Debug|Any CPU
		{02C8101A-72E7-4E12-A4C3-341CF89A9F67}.AppStore|iPhone.ActiveCfg = Debug|Any CPU
		{02C8101A-72E7-4E12-A4C3-341CF89A9F67}.AppStore|iPhone.Build.0 = Debug|Any CPU
		{02C8101A-72E7-4E12-A4C3-341CF89A9F67}.AppStore|iPhoneSimulator.ActiveCfg = Debug|Any CPU
		{02C8101A-72E7-4E12-A4C3-341CF89A9F67}.AppStore|iPhoneSimulator.Build.0 = Debug|Any CPU
		{02C8101A-72E7-4E12-A4C3-341CF89A9F67}.AppStore|x64.ActiveCfg = Debug|Any CPU
		{02C8101A-72E7-4E12-A4C3-341CF89A9F67}.AppStore|x64.Build.0 = Debug|Any CPU
		{02C8101A-72E7-4E12-A4C3-341CF89A9F67}.AppStore|x86.ActiveCfg = Debug|Any CPU
		{02C8101A-72E7-4E12-A4C3-341CF89A9F67}.AppStore|x86.Build.0 = Debug|Any CPU
		{02C8101A-72E7-4E12-A4C3-341CF89A9F67}.Debug|Any CPU.ActiveCfg = Debug|Any CPU
		{02C8101A-72E7-4E12-A4C3-341CF89A9F67}.Debug|Any CPU.Build.0 = Debug|Any CPU
		{02C8101A-72E7-4E12-A4C3-341CF89A9F67}.Debug|ARM.ActiveCfg = Debug|Any CPU
		{02C8101A-72E7-4E12-A4C3-341CF89A9F67}.Debug|ARM.Build.0 = Debug|Any CPU
		{02C8101A-72E7-4E12-A4C3-341CF89A9F67}.Debug|iPhone.ActiveCfg = Debug|Any CPU
		{02C8101A-72E7-4E12-A4C3-341CF89A9F67}.Debug|iPhone.Build.0 = Debug|Any CPU
		{02C8101A-72E7-4E12-A4C3-341CF89A9F67}.Debug|iPhoneSimulator.ActiveCfg = Debug|Any CPU
		{02C8101A-72E7-4E12-A4C3-341CF89A9F67}.Debug|iPhoneSimulator.Build.0 = Debug|Any CPU
		{02C8101A-72E7-4E12-A4C3-341CF89A9F67}.Debug|x64.ActiveCfg = Debug|Any CPU
		{02C8101A-72E7-4E12-A4C3-341CF89A9F67}.Debug|x64.Build.0 = Debug|Any CPU
		{02C8101A-72E7-4E12-A4C3-341CF89A9F67}.Debug|x86.ActiveCfg = Debug|Any CPU
		{02C8101A-72E7-4E12-A4C3-341CF89A9F67}.Debug|x86.Build.0 = Debug|Any CPU
		{02C8101A-72E7-4E12-A4C3-341CF89A9F67}.Release|Any CPU.ActiveCfg = Release|Any CPU
		{02C8101A-72E7-4E12-A4C3-341CF89A9F67}.Release|Any CPU.Build.0 = Release|Any CPU
		{02C8101A-72E7-4E12-A4C3-341CF89A9F67}.Release|ARM.ActiveCfg = Release|Any CPU
		{02C8101A-72E7-4E12-A4C3-341CF89A9F67}.Release|ARM.Build.0 = Release|Any CPU
		{02C8101A-72E7-4E12-A4C3-341CF89A9F67}.Release|iPhone.ActiveCfg = Release|Any CPU
		{02C8101A-72E7-4E12-A4C3-341CF89A9F67}.Release|iPhone.Build.0 = Release|Any CPU
		{02C8101A-72E7-4E12-A4C3-341CF89A9F67}.Release|iPhoneSimulator.ActiveCfg = Release|Any CPU
		{02C8101A-72E7-4E12-A4C3-341CF89A9F67}.Release|iPhoneSimulator.Build.0 = Release|Any CPU
		{02C8101A-72E7-4E12-A4C3-341CF89A9F67}.Release|x64.ActiveCfg = Release|Any CPU
		{02C8101A-72E7-4E12-A4C3-341CF89A9F67}.Release|x64.Build.0 = Release|Any CPU
		{02C8101A-72E7-4E12-A4C3-341CF89A9F67}.Release|x86.ActiveCfg = Release|Any CPU
		{02C8101A-72E7-4E12-A4C3-341CF89A9F67}.Release|x86.Build.0 = Release|Any CPU
		{7DBBF98F-A796-4FA1-8394-2ACA0AAE9997}.Ad-Hoc|Any CPU.ActiveCfg = Release|Any CPU
		{7DBBF98F-A796-4FA1-8394-2ACA0AAE9997}.Ad-Hoc|Any CPU.Build.0 = Release|Any CPU
		{7DBBF98F-A796-4FA1-8394-2ACA0AAE9997}.Ad-Hoc|ARM.ActiveCfg = Release|Any CPU
		{7DBBF98F-A796-4FA1-8394-2ACA0AAE9997}.Ad-Hoc|ARM.Build.0 = Release|Any CPU
		{7DBBF98F-A796-4FA1-8394-2ACA0AAE9997}.Ad-Hoc|iPhone.ActiveCfg = Release|Any CPU
		{7DBBF98F-A796-4FA1-8394-2ACA0AAE9997}.Ad-Hoc|iPhone.Build.0 = Release|Any CPU
		{7DBBF98F-A796-4FA1-8394-2ACA0AAE9997}.Ad-Hoc|iPhoneSimulator.ActiveCfg = Release|Any CPU
		{7DBBF98F-A796-4FA1-8394-2ACA0AAE9997}.Ad-Hoc|iPhoneSimulator.Build.0 = Release|Any CPU
		{7DBBF98F-A796-4FA1-8394-2ACA0AAE9997}.Ad-Hoc|x64.ActiveCfg = Release|Any CPU
		{7DBBF98F-A796-4FA1-8394-2ACA0AAE9997}.Ad-Hoc|x64.Build.0 = Release|Any CPU
		{7DBBF98F-A796-4FA1-8394-2ACA0AAE9997}.Ad-Hoc|x86.ActiveCfg = Release|Any CPU
		{7DBBF98F-A796-4FA1-8394-2ACA0AAE9997}.Ad-Hoc|x86.Build.0 = Release|Any CPU
		{7DBBF98F-A796-4FA1-8394-2ACA0AAE9997}.AppStore|Any CPU.ActiveCfg = Release|Any CPU
		{7DBBF98F-A796-4FA1-8394-2ACA0AAE9997}.AppStore|Any CPU.Build.0 = Release|Any CPU
		{7DBBF98F-A796-4FA1-8394-2ACA0AAE9997}.AppStore|ARM.ActiveCfg = Release|Any CPU
		{7DBBF98F-A796-4FA1-8394-2ACA0AAE9997}.AppStore|ARM.Build.0 = Release|Any CPU
		{7DBBF98F-A796-4FA1-8394-2ACA0AAE9997}.AppStore|iPhone.ActiveCfg = Release|Any CPU
		{7DBBF98F-A796-4FA1-8394-2ACA0AAE9997}.AppStore|iPhone.Build.0 = Release|Any CPU
		{7DBBF98F-A796-4FA1-8394-2ACA0AAE9997}.AppStore|iPhoneSimulator.ActiveCfg = Release|Any CPU
		{7DBBF98F-A796-4FA1-8394-2ACA0AAE9997}.AppStore|iPhoneSimulator.Build.0 = Release|Any CPU
		{7DBBF98F-A796-4FA1-8394-2ACA0AAE9997}.AppStore|x64.ActiveCfg = Release|Any CPU
		{7DBBF98F-A796-4FA1-8394-2ACA0AAE9997}.AppStore|x64.Build.0 = Release|Any CPU
		{7DBBF98F-A796-4FA1-8394-2ACA0AAE9997}.AppStore|x86.ActiveCfg = Release|Any CPU
		{7DBBF98F-A796-4FA1-8394-2ACA0AAE9997}.AppStore|x86.Build.0 = Release|Any CPU
		{7DBBF98F-A796-4FA1-8394-2ACA0AAE9997}.Debug|Any CPU.ActiveCfg = Debug|Any CPU
		{7DBBF98F-A796-4FA1-8394-2ACA0AAE9997}.Debug|Any CPU.Build.0 = Debug|Any CPU
		{7DBBF98F-A796-4FA1-8394-2ACA0AAE9997}.Debug|ARM.ActiveCfg = Debug|Any CPU
		{7DBBF98F-A796-4FA1-8394-2ACA0AAE9997}.Debug|ARM.Build.0 = Debug|Any CPU
		{7DBBF98F-A796-4FA1-8394-2ACA0AAE9997}.Debug|iPhone.ActiveCfg = Debug|Any CPU
		{7DBBF98F-A796-4FA1-8394-2ACA0AAE9997}.Debug|iPhone.Build.0 = Debug|Any CPU
		{7DBBF98F-A796-4FA1-8394-2ACA0AAE9997}.Debug|iPhoneSimulator.ActiveCfg = Debug|Any CPU
		{7DBBF98F-A796-4FA1-8394-2ACA0AAE9997}.Debug|iPhoneSimulator.Build.0 = Debug|Any CPU
		{7DBBF98F-A796-4FA1-8394-2ACA0AAE9997}.Debug|x64.ActiveCfg = Debug|Any CPU
		{7DBBF98F-A796-4FA1-8394-2ACA0AAE9997}.Debug|x64.Build.0 = Debug|Any CPU
		{7DBBF98F-A796-4FA1-8394-2ACA0AAE9997}.Debug|x86.ActiveCfg = Debug|Any CPU
		{7DBBF98F-A796-4FA1-8394-2ACA0AAE9997}.Debug|x86.Build.0 = Debug|Any CPU
		{7DBBF98F-A796-4FA1-8394-2ACA0AAE9997}.Release|Any CPU.ActiveCfg = Release|Any CPU
		{7DBBF98F-A796-4FA1-8394-2ACA0AAE9997}.Release|Any CPU.Build.0 = Release|Any CPU
		{7DBBF98F-A796-4FA1-8394-2ACA0AAE9997}.Release|ARM.ActiveCfg = Release|Any CPU
		{7DBBF98F-A796-4FA1-8394-2ACA0AAE9997}.Release|ARM.Build.0 = Release|Any CPU
		{7DBBF98F-A796-4FA1-8394-2ACA0AAE9997}.Release|iPhone.ActiveCfg = Release|Any CPU
		{7DBBF98F-A796-4FA1-8394-2ACA0AAE9997}.Release|iPhone.Build.0 = Release|Any CPU
		{7DBBF98F-A796-4FA1-8394-2ACA0AAE9997}.Release|iPhoneSimulator.ActiveCfg = Release|Any CPU
		{7DBBF98F-A796-4FA1-8394-2ACA0AAE9997}.Release|iPhoneSimulator.Build.0 = Release|Any CPU
		{7DBBF98F-A796-4FA1-8394-2ACA0AAE9997}.Release|x64.ActiveCfg = Release|Any CPU
		{7DBBF98F-A796-4FA1-8394-2ACA0AAE9997}.Release|x64.Build.0 = Release|Any CPU
		{7DBBF98F-A796-4FA1-8394-2ACA0AAE9997}.Release|x86.ActiveCfg = Release|Any CPU
		{7DBBF98F-A796-4FA1-8394-2ACA0AAE9997}.Release|x86.Build.0 = Release|Any CPU
		{E43B1C86-C6AC-40D5-943E-1DF16CFFE8D3}.Ad-Hoc|Any CPU.ActiveCfg = Release|Any CPU
		{E43B1C86-C6AC-40D5-943E-1DF16CFFE8D3}.Ad-Hoc|Any CPU.Build.0 = Release|Any CPU
		{E43B1C86-C6AC-40D5-943E-1DF16CFFE8D3}.Ad-Hoc|Any CPU.Deploy.0 = Release|Any CPU
		{E43B1C86-C6AC-40D5-943E-1DF16CFFE8D3}.Ad-Hoc|ARM.ActiveCfg = Release|Any CPU
		{E43B1C86-C6AC-40D5-943E-1DF16CFFE8D3}.Ad-Hoc|ARM.Build.0 = Release|Any CPU
		{E43B1C86-C6AC-40D5-943E-1DF16CFFE8D3}.Ad-Hoc|ARM.Deploy.0 = Release|Any CPU
		{E43B1C86-C6AC-40D5-943E-1DF16CFFE8D3}.Ad-Hoc|iPhone.ActiveCfg = Release|Any CPU
		{E43B1C86-C6AC-40D5-943E-1DF16CFFE8D3}.Ad-Hoc|iPhone.Build.0 = Release|Any CPU
		{E43B1C86-C6AC-40D5-943E-1DF16CFFE8D3}.Ad-Hoc|iPhone.Deploy.0 = Release|Any CPU
		{E43B1C86-C6AC-40D5-943E-1DF16CFFE8D3}.Ad-Hoc|iPhoneSimulator.ActiveCfg = Release|Any CPU
		{E43B1C86-C6AC-40D5-943E-1DF16CFFE8D3}.Ad-Hoc|iPhoneSimulator.Build.0 = Release|Any CPU
		{E43B1C86-C6AC-40D5-943E-1DF16CFFE8D3}.Ad-Hoc|iPhoneSimulator.Deploy.0 = Release|Any CPU
		{E43B1C86-C6AC-40D5-943E-1DF16CFFE8D3}.Ad-Hoc|x64.ActiveCfg = Release|Any CPU
		{E43B1C86-C6AC-40D5-943E-1DF16CFFE8D3}.Ad-Hoc|x64.Build.0 = Release|Any CPU
		{E43B1C86-C6AC-40D5-943E-1DF16CFFE8D3}.Ad-Hoc|x64.Deploy.0 = Release|Any CPU
		{E43B1C86-C6AC-40D5-943E-1DF16CFFE8D3}.Ad-Hoc|x86.ActiveCfg = Release|Any CPU
		{E43B1C86-C6AC-40D5-943E-1DF16CFFE8D3}.Ad-Hoc|x86.Build.0 = Release|Any CPU
		{E43B1C86-C6AC-40D5-943E-1DF16CFFE8D3}.Ad-Hoc|x86.Deploy.0 = Release|Any CPU
		{E43B1C86-C6AC-40D5-943E-1DF16CFFE8D3}.AppStore|Any CPU.ActiveCfg = Release|Any CPU
		{E43B1C86-C6AC-40D5-943E-1DF16CFFE8D3}.AppStore|Any CPU.Build.0 = Release|Any CPU
		{E43B1C86-C6AC-40D5-943E-1DF16CFFE8D3}.AppStore|Any CPU.Deploy.0 = Release|Any CPU
		{E43B1C86-C6AC-40D5-943E-1DF16CFFE8D3}.AppStore|ARM.ActiveCfg = Release|Any CPU
		{E43B1C86-C6AC-40D5-943E-1DF16CFFE8D3}.AppStore|ARM.Build.0 = Release|Any CPU
		{E43B1C86-C6AC-40D5-943E-1DF16CFFE8D3}.AppStore|ARM.Deploy.0 = Release|Any CPU
		{E43B1C86-C6AC-40D5-943E-1DF16CFFE8D3}.AppStore|iPhone.ActiveCfg = Release|Any CPU
		{E43B1C86-C6AC-40D5-943E-1DF16CFFE8D3}.AppStore|iPhone.Build.0 = Release|Any CPU
		{E43B1C86-C6AC-40D5-943E-1DF16CFFE8D3}.AppStore|iPhone.Deploy.0 = Release|Any CPU
		{E43B1C86-C6AC-40D5-943E-1DF16CFFE8D3}.AppStore|iPhoneSimulator.ActiveCfg = Release|Any CPU
		{E43B1C86-C6AC-40D5-943E-1DF16CFFE8D3}.AppStore|iPhoneSimulator.Build.0 = Release|Any CPU
		{E43B1C86-C6AC-40D5-943E-1DF16CFFE8D3}.AppStore|iPhoneSimulator.Deploy.0 = Release|Any CPU
		{E43B1C86-C6AC-40D5-943E-1DF16CFFE8D3}.AppStore|x64.ActiveCfg = Release|Any CPU
		{E43B1C86-C6AC-40D5-943E-1DF16CFFE8D3}.AppStore|x64.Build.0 = Release|Any CPU
		{E43B1C86-C6AC-40D5-943E-1DF16CFFE8D3}.AppStore|x64.Deploy.0 = Release|Any CPU
		{E43B1C86-C6AC-40D5-943E-1DF16CFFE8D3}.AppStore|x86.ActiveCfg = Release|Any CPU
		{E43B1C86-C6AC-40D5-943E-1DF16CFFE8D3}.AppStore|x86.Build.0 = Release|Any CPU
		{E43B1C86-C6AC-40D5-943E-1DF16CFFE8D3}.AppStore|x86.Deploy.0 = Release|Any CPU
		{E43B1C86-C6AC-40D5-943E-1DF16CFFE8D3}.Debug|Any CPU.ActiveCfg = Debug|Any CPU
		{E43B1C86-C6AC-40D5-943E-1DF16CFFE8D3}.Debug|Any CPU.Build.0 = Debug|Any CPU
		{E43B1C86-C6AC-40D5-943E-1DF16CFFE8D3}.Debug|Any CPU.Deploy.0 = Debug|Any CPU
		{E43B1C86-C6AC-40D5-943E-1DF16CFFE8D3}.Debug|ARM.ActiveCfg = Debug|Any CPU
		{E43B1C86-C6AC-40D5-943E-1DF16CFFE8D3}.Debug|ARM.Build.0 = Debug|Any CPU
		{E43B1C86-C6AC-40D5-943E-1DF16CFFE8D3}.Debug|ARM.Deploy.0 = Debug|Any CPU
		{E43B1C86-C6AC-40D5-943E-1DF16CFFE8D3}.Debug|iPhone.ActiveCfg = Debug|Any CPU
		{E43B1C86-C6AC-40D5-943E-1DF16CFFE8D3}.Debug|iPhone.Build.0 = Debug|Any CPU
		{E43B1C86-C6AC-40D5-943E-1DF16CFFE8D3}.Debug|iPhone.Deploy.0 = Debug|Any CPU
		{E43B1C86-C6AC-40D5-943E-1DF16CFFE8D3}.Debug|iPhoneSimulator.ActiveCfg = Debug|Any CPU
		{E43B1C86-C6AC-40D5-943E-1DF16CFFE8D3}.Debug|iPhoneSimulator.Build.0 = Debug|Any CPU
		{E43B1C86-C6AC-40D5-943E-1DF16CFFE8D3}.Debug|iPhoneSimulator.Deploy.0 = Debug|Any CPU
		{E43B1C86-C6AC-40D5-943E-1DF16CFFE8D3}.Debug|x64.ActiveCfg = Debug|Any CPU
		{E43B1C86-C6AC-40D5-943E-1DF16CFFE8D3}.Debug|x64.Build.0 = Debug|Any CPU
		{E43B1C86-C6AC-40D5-943E-1DF16CFFE8D3}.Debug|x64.Deploy.0 = Debug|Any CPU
		{E43B1C86-C6AC-40D5-943E-1DF16CFFE8D3}.Debug|x86.ActiveCfg = Debug|Any CPU
		{E43B1C86-C6AC-40D5-943E-1DF16CFFE8D3}.Debug|x86.Build.0 = Debug|Any CPU
		{E43B1C86-C6AC-40D5-943E-1DF16CFFE8D3}.Debug|x86.Deploy.0 = Debug|Any CPU
		{E43B1C86-C6AC-40D5-943E-1DF16CFFE8D3}.Release|Any CPU.ActiveCfg = Release|Any CPU
		{E43B1C86-C6AC-40D5-943E-1DF16CFFE8D3}.Release|Any CPU.Build.0 = Release|Any CPU
		{E43B1C86-C6AC-40D5-943E-1DF16CFFE8D3}.Release|Any CPU.Deploy.0 = Release|Any CPU
		{E43B1C86-C6AC-40D5-943E-1DF16CFFE8D3}.Release|ARM.ActiveCfg = Release|Any CPU
		{E43B1C86-C6AC-40D5-943E-1DF16CFFE8D3}.Release|ARM.Build.0 = Release|Any CPU
		{E43B1C86-C6AC-40D5-943E-1DF16CFFE8D3}.Release|ARM.Deploy.0 = Release|Any CPU
		{E43B1C86-C6AC-40D5-943E-1DF16CFFE8D3}.Release|iPhone.ActiveCfg = Release|Any CPU
		{E43B1C86-C6AC-40D5-943E-1DF16CFFE8D3}.Release|iPhone.Build.0 = Release|Any CPU
		{E43B1C86-C6AC-40D5-943E-1DF16CFFE8D3}.Release|iPhone.Deploy.0 = Release|Any CPU
		{E43B1C86-C6AC-40D5-943E-1DF16CFFE8D3}.Release|iPhoneSimulator.ActiveCfg = Release|Any CPU
		{E43B1C86-C6AC-40D5-943E-1DF16CFFE8D3}.Release|iPhoneSimulator.Build.0 = Release|Any CPU
		{E43B1C86-C6AC-40D5-943E-1DF16CFFE8D3}.Release|iPhoneSimulator.Deploy.0 = Release|Any CPU
		{E43B1C86-C6AC-40D5-943E-1DF16CFFE8D3}.Release|x64.ActiveCfg = Release|Any CPU
		{E43B1C86-C6AC-40D5-943E-1DF16CFFE8D3}.Release|x64.Build.0 = Release|Any CPU
		{E43B1C86-C6AC-40D5-943E-1DF16CFFE8D3}.Release|x64.Deploy.0 = Release|Any CPU
		{E43B1C86-C6AC-40D5-943E-1DF16CFFE8D3}.Release|x86.ActiveCfg = Release|Any CPU
		{E43B1C86-C6AC-40D5-943E-1DF16CFFE8D3}.Release|x86.Build.0 = Release|Any CPU
		{E43B1C86-C6AC-40D5-943E-1DF16CFFE8D3}.Release|x86.Deploy.0 = Release|Any CPU
		{45D23112-1E03-4FE3-A7F7-FAB0DBBD3216}.Ad-Hoc|Any CPU.ActiveCfg = Ad-Hoc|iPhone
		{45D23112-1E03-4FE3-A7F7-FAB0DBBD3216}.Ad-Hoc|ARM.ActiveCfg = Ad-Hoc|iPhone
		{45D23112-1E03-4FE3-A7F7-FAB0DBBD3216}.Ad-Hoc|iPhone.ActiveCfg = Ad-Hoc|iPhone
		{45D23112-1E03-4FE3-A7F7-FAB0DBBD3216}.Ad-Hoc|iPhone.Build.0 = Ad-Hoc|iPhone
		{45D23112-1E03-4FE3-A7F7-FAB0DBBD3216}.Ad-Hoc|iPhoneSimulator.ActiveCfg = Ad-Hoc|iPhoneSimulator
		{45D23112-1E03-4FE3-A7F7-FAB0DBBD3216}.Ad-Hoc|iPhoneSimulator.Build.0 = Ad-Hoc|iPhoneSimulator
		{45D23112-1E03-4FE3-A7F7-FAB0DBBD3216}.Ad-Hoc|x64.ActiveCfg = Ad-Hoc|iPhone
		{45D23112-1E03-4FE3-A7F7-FAB0DBBD3216}.Ad-Hoc|x86.ActiveCfg = Ad-Hoc|iPhone
		{45D23112-1E03-4FE3-A7F7-FAB0DBBD3216}.AppStore|Any CPU.ActiveCfg = AppStore|iPhone
		{45D23112-1E03-4FE3-A7F7-FAB0DBBD3216}.AppStore|ARM.ActiveCfg = AppStore|iPhone
		{45D23112-1E03-4FE3-A7F7-FAB0DBBD3216}.AppStore|iPhone.ActiveCfg = AppStore|iPhone
		{45D23112-1E03-4FE3-A7F7-FAB0DBBD3216}.AppStore|iPhone.Build.0 = AppStore|iPhone
		{45D23112-1E03-4FE3-A7F7-FAB0DBBD3216}.AppStore|iPhoneSimulator.ActiveCfg = AppStore|iPhoneSimulator
		{45D23112-1E03-4FE3-A7F7-FAB0DBBD3216}.AppStore|iPhoneSimulator.Build.0 = AppStore|iPhoneSimulator
		{45D23112-1E03-4FE3-A7F7-FAB0DBBD3216}.AppStore|x64.ActiveCfg = AppStore|iPhone
		{45D23112-1E03-4FE3-A7F7-FAB0DBBD3216}.AppStore|x86.ActiveCfg = AppStore|iPhone
		{45D23112-1E03-4FE3-A7F7-FAB0DBBD3216}.Debug|Any CPU.ActiveCfg = Debug|iPhone
		{45D23112-1E03-4FE3-A7F7-FAB0DBBD3216}.Debug|ARM.ActiveCfg = Debug|iPhone
		{45D23112-1E03-4FE3-A7F7-FAB0DBBD3216}.Debug|iPhone.ActiveCfg = Debug|iPhone
		{45D23112-1E03-4FE3-A7F7-FAB0DBBD3216}.Debug|iPhone.Build.0 = Debug|iPhone
		{45D23112-1E03-4FE3-A7F7-FAB0DBBD3216}.Debug|iPhoneSimulator.ActiveCfg = Debug|iPhoneSimulator
		{45D23112-1E03-4FE3-A7F7-FAB0DBBD3216}.Debug|iPhoneSimulator.Build.0 = Debug|iPhoneSimulator
		{45D23112-1E03-4FE3-A7F7-FAB0DBBD3216}.Debug|x64.ActiveCfg = Debug|iPhone
		{45D23112-1E03-4FE3-A7F7-FAB0DBBD3216}.Debug|x86.ActiveCfg = Debug|iPhone
		{45D23112-1E03-4FE3-A7F7-FAB0DBBD3216}.Release|Any CPU.ActiveCfg = Release|iPhone
		{45D23112-1E03-4FE3-A7F7-FAB0DBBD3216}.Release|ARM.ActiveCfg = Release|iPhone
		{45D23112-1E03-4FE3-A7F7-FAB0DBBD3216}.Release|iPhone.ActiveCfg = Release|iPhone
		{45D23112-1E03-4FE3-A7F7-FAB0DBBD3216}.Release|iPhone.Build.0 = Release|iPhone
		{45D23112-1E03-4FE3-A7F7-FAB0DBBD3216}.Release|iPhoneSimulator.ActiveCfg = Release|iPhoneSimulator
		{45D23112-1E03-4FE3-A7F7-FAB0DBBD3216}.Release|iPhoneSimulator.Build.0 = Release|iPhoneSimulator
		{45D23112-1E03-4FE3-A7F7-FAB0DBBD3216}.Release|x64.ActiveCfg = Release|iPhone
		{45D23112-1E03-4FE3-A7F7-FAB0DBBD3216}.Release|x86.ActiveCfg = Release|iPhone
		{1715C667-EDD5-40B3-B0B9-531C4FF17BFE}.Ad-Hoc|Any CPU.ActiveCfg = Release|x86
		{1715C667-EDD5-40B3-B0B9-531C4FF17BFE}.Ad-Hoc|Any CPU.Build.0 = Release|x86
		{1715C667-EDD5-40B3-B0B9-531C4FF17BFE}.Ad-Hoc|Any CPU.Deploy.0 = Release|x86
		{1715C667-EDD5-40B3-B0B9-531C4FF17BFE}.Ad-Hoc|ARM.ActiveCfg = Release|ARM
		{1715C667-EDD5-40B3-B0B9-531C4FF17BFE}.Ad-Hoc|ARM.Build.0 = Release|ARM
		{1715C667-EDD5-40B3-B0B9-531C4FF17BFE}.Ad-Hoc|ARM.Deploy.0 = Release|ARM
		{1715C667-EDD5-40B3-B0B9-531C4FF17BFE}.Ad-Hoc|iPhone.ActiveCfg = Release|x86
		{1715C667-EDD5-40B3-B0B9-531C4FF17BFE}.Ad-Hoc|iPhone.Build.0 = Release|x86
		{1715C667-EDD5-40B3-B0B9-531C4FF17BFE}.Ad-Hoc|iPhone.Deploy.0 = Release|x86
		{1715C667-EDD5-40B3-B0B9-531C4FF17BFE}.Ad-Hoc|iPhoneSimulator.ActiveCfg = Release|x86
		{1715C667-EDD5-40B3-B0B9-531C4FF17BFE}.Ad-Hoc|iPhoneSimulator.Build.0 = Release|x86
		{1715C667-EDD5-40B3-B0B9-531C4FF17BFE}.Ad-Hoc|iPhoneSimulator.Deploy.0 = Release|x86
		{1715C667-EDD5-40B3-B0B9-531C4FF17BFE}.Ad-Hoc|x64.ActiveCfg = Release|x64
		{1715C667-EDD5-40B3-B0B9-531C4FF17BFE}.Ad-Hoc|x64.Build.0 = Release|x64
		{1715C667-EDD5-40B3-B0B9-531C4FF17BFE}.Ad-Hoc|x64.Deploy.0 = Release|x64
		{1715C667-EDD5-40B3-B0B9-531C4FF17BFE}.Ad-Hoc|x86.ActiveCfg = Release|x86
		{1715C667-EDD5-40B3-B0B9-531C4FF17BFE}.Ad-Hoc|x86.Build.0 = Release|x86
		{1715C667-EDD5-40B3-B0B9-531C4FF17BFE}.Ad-Hoc|x86.Deploy.0 = Release|x86
		{1715C667-EDD5-40B3-B0B9-531C4FF17BFE}.AppStore|Any CPU.ActiveCfg = Release|x86
		{1715C667-EDD5-40B3-B0B9-531C4FF17BFE}.AppStore|Any CPU.Build.0 = Release|x86
		{1715C667-EDD5-40B3-B0B9-531C4FF17BFE}.AppStore|Any CPU.Deploy.0 = Release|x86
		{1715C667-EDD5-40B3-B0B9-531C4FF17BFE}.AppStore|ARM.ActiveCfg = Release|ARM
		{1715C667-EDD5-40B3-B0B9-531C4FF17BFE}.AppStore|ARM.Build.0 = Release|ARM
		{1715C667-EDD5-40B3-B0B9-531C4FF17BFE}.AppStore|ARM.Deploy.0 = Release|ARM
		{1715C667-EDD5-40B3-B0B9-531C4FF17BFE}.AppStore|iPhone.ActiveCfg = Release|x86
		{1715C667-EDD5-40B3-B0B9-531C4FF17BFE}.AppStore|iPhone.Build.0 = Release|x86
		{1715C667-EDD5-40B3-B0B9-531C4FF17BFE}.AppStore|iPhone.Deploy.0 = Release|x86
		{1715C667-EDD5-40B3-B0B9-531C4FF17BFE}.AppStore|iPhoneSimulator.ActiveCfg = Release|x86
		{1715C667-EDD5-40B3-B0B9-531C4FF17BFE}.AppStore|iPhoneSimulator.Build.0 = Release|x86
		{1715C667-EDD5-40B3-B0B9-531C4FF17BFE}.AppStore|iPhoneSimulator.Deploy.0 = Release|x86
		{1715C667-EDD5-40B3-B0B9-531C4FF17BFE}.AppStore|x64.ActiveCfg = Release|x64
		{1715C667-EDD5-40B3-B0B9-531C4FF17BFE}.AppStore|x64.Build.0 = Release|x64
		{1715C667-EDD5-40B3-B0B9-531C4FF17BFE}.AppStore|x64.Deploy.0 = Release|x64
		{1715C667-EDD5-40B3-B0B9-531C4FF17BFE}.AppStore|x86.ActiveCfg = Release|x86
		{1715C667-EDD5-40B3-B0B9-531C4FF17BFE}.AppStore|x86.Build.0 = Release|x86
		{1715C667-EDD5-40B3-B0B9-531C4FF17BFE}.AppStore|x86.Deploy.0 = Release|x86
		{1715C667-EDD5-40B3-B0B9-531C4FF17BFE}.Debug|Any CPU.ActiveCfg = Debug|x86
		{1715C667-EDD5-40B3-B0B9-531C4FF17BFE}.Debug|ARM.ActiveCfg = Debug|ARM
		{1715C667-EDD5-40B3-B0B9-531C4FF17BFE}.Debug|ARM.Build.0 = Debug|ARM
		{1715C667-EDD5-40B3-B0B9-531C4FF17BFE}.Debug|ARM.Deploy.0 = Debug|ARM
		{1715C667-EDD5-40B3-B0B9-531C4FF17BFE}.Debug|iPhone.ActiveCfg = Debug|x86
		{1715C667-EDD5-40B3-B0B9-531C4FF17BFE}.Debug|iPhoneSimulator.ActiveCfg = Debug|x86
		{1715C667-EDD5-40B3-B0B9-531C4FF17BFE}.Debug|x64.ActiveCfg = Debug|x64
		{1715C667-EDD5-40B3-B0B9-531C4FF17BFE}.Debug|x64.Build.0 = Debug|x64
		{1715C667-EDD5-40B3-B0B9-531C4FF17BFE}.Debug|x64.Deploy.0 = Debug|x64
		{1715C667-EDD5-40B3-B0B9-531C4FF17BFE}.Debug|x86.ActiveCfg = Debug|x86
		{1715C667-EDD5-40B3-B0B9-531C4FF17BFE}.Debug|x86.Build.0 = Debug|x86
		{1715C667-EDD5-40B3-B0B9-531C4FF17BFE}.Debug|x86.Deploy.0 = Debug|x86
		{1715C667-EDD5-40B3-B0B9-531C4FF17BFE}.Release|Any CPU.ActiveCfg = Release|x86
		{1715C667-EDD5-40B3-B0B9-531C4FF17BFE}.Release|ARM.ActiveCfg = Release|ARM
		{1715C667-EDD5-40B3-B0B9-531C4FF17BFE}.Release|ARM.Build.0 = Release|ARM
		{1715C667-EDD5-40B3-B0B9-531C4FF17BFE}.Release|ARM.Deploy.0 = Release|ARM
		{1715C667-EDD5-40B3-B0B9-531C4FF17BFE}.Release|iPhone.ActiveCfg = Release|x86
		{1715C667-EDD5-40B3-B0B9-531C4FF17BFE}.Release|iPhoneSimulator.ActiveCfg = Release|x86
		{1715C667-EDD5-40B3-B0B9-531C4FF17BFE}.Release|x64.ActiveCfg = Release|x64
		{1715C667-EDD5-40B3-B0B9-531C4FF17BFE}.Release|x64.Build.0 = Release|x64
		{1715C667-EDD5-40B3-B0B9-531C4FF17BFE}.Release|x64.Deploy.0 = Release|x64
		{1715C667-EDD5-40B3-B0B9-531C4FF17BFE}.Release|x86.ActiveCfg = Release|x86
		{1715C667-EDD5-40B3-B0B9-531C4FF17BFE}.Release|x86.Build.0 = Release|x86
		{1715C667-EDD5-40B3-B0B9-531C4FF17BFE}.Release|x86.Deploy.0 = Release|x86
		{E9C29553-FBD1-404A-A951-4C400E330998}.Ad-Hoc|Any CPU.ActiveCfg = Debug|Any CPU
		{E9C29553-FBD1-404A-A951-4C400E330998}.Ad-Hoc|Any CPU.Build.0 = Debug|Any CPU
		{E9C29553-FBD1-404A-A951-4C400E330998}.Ad-Hoc|ARM.ActiveCfg = Debug|Any CPU
		{E9C29553-FBD1-404A-A951-4C400E330998}.Ad-Hoc|ARM.Build.0 = Debug|Any CPU
		{E9C29553-FBD1-404A-A951-4C400E330998}.Ad-Hoc|iPhone.ActiveCfg = Debug|Any CPU
		{E9C29553-FBD1-404A-A951-4C400E330998}.Ad-Hoc|iPhone.Build.0 = Debug|Any CPU
		{E9C29553-FBD1-404A-A951-4C400E330998}.Ad-Hoc|iPhoneSimulator.ActiveCfg = Debug|Any CPU
		{E9C29553-FBD1-404A-A951-4C400E330998}.Ad-Hoc|iPhoneSimulator.Build.0 = Debug|Any CPU
		{E9C29553-FBD1-404A-A951-4C400E330998}.Ad-Hoc|x64.ActiveCfg = Debug|Any CPU
		{E9C29553-FBD1-404A-A951-4C400E330998}.Ad-Hoc|x64.Build.0 = Debug|Any CPU
		{E9C29553-FBD1-404A-A951-4C400E330998}.Ad-Hoc|x86.ActiveCfg = Debug|Any CPU
		{E9C29553-FBD1-404A-A951-4C400E330998}.Ad-Hoc|x86.Build.0 = Debug|Any CPU
		{E9C29553-FBD1-404A-A951-4C400E330998}.AppStore|Any CPU.ActiveCfg = Debug|Any CPU
		{E9C29553-FBD1-404A-A951-4C400E330998}.AppStore|Any CPU.Build.0 = Debug|Any CPU
		{E9C29553-FBD1-404A-A951-4C400E330998}.AppStore|ARM.ActiveCfg = Debug|Any CPU
		{E9C29553-FBD1-404A-A951-4C400E330998}.AppStore|ARM.Build.0 = Debug|Any CPU
		{E9C29553-FBD1-404A-A951-4C400E330998}.AppStore|iPhone.ActiveCfg = Debug|Any CPU
		{E9C29553-FBD1-404A-A951-4C400E330998}.AppStore|iPhone.Build.0 = Debug|Any CPU
		{E9C29553-FBD1-404A-A951-4C400E330998}.AppStore|iPhoneSimulator.ActiveCfg = Debug|Any CPU
		{E9C29553-FBD1-404A-A951-4C400E330998}.AppStore|iPhoneSimulator.Build.0 = Debug|Any CPU
		{E9C29553-FBD1-404A-A951-4C400E330998}.AppStore|x64.ActiveCfg = Debug|Any CPU
		{E9C29553-FBD1-404A-A951-4C400E330998}.AppStore|x64.Build.0 = Debug|Any CPU
		{E9C29553-FBD1-404A-A951-4C400E330998}.AppStore|x86.ActiveCfg = Debug|Any CPU
		{E9C29553-FBD1-404A-A951-4C400E330998}.AppStore|x86.Build.0 = Debug|Any CPU
		{E9C29553-FBD1-404A-A951-4C400E330998}.Debug|Any CPU.ActiveCfg = Debug|Any CPU
		{E9C29553-FBD1-404A-A951-4C400E330998}.Debug|Any CPU.Build.0 = Debug|Any CPU
		{E9C29553-FBD1-404A-A951-4C400E330998}.Debug|ARM.ActiveCfg = Debug|Any CPU
		{E9C29553-FBD1-404A-A951-4C400E330998}.Debug|ARM.Build.0 = Debug|Any CPU
		{E9C29553-FBD1-404A-A951-4C400E330998}.Debug|iPhone.ActiveCfg = Debug|Any CPU
		{E9C29553-FBD1-404A-A951-4C400E330998}.Debug|iPhone.Build.0 = Debug|Any CPU
		{E9C29553-FBD1-404A-A951-4C400E330998}.Debug|iPhoneSimulator.ActiveCfg = Debug|Any CPU
		{E9C29553-FBD1-404A-A951-4C400E330998}.Debug|iPhoneSimulator.Build.0 = Debug|Any CPU
		{E9C29553-FBD1-404A-A951-4C400E330998}.Debug|x64.ActiveCfg = Debug|Any CPU
		{E9C29553-FBD1-404A-A951-4C400E330998}.Debug|x64.Build.0 = Debug|Any CPU
		{E9C29553-FBD1-404A-A951-4C400E330998}.Debug|x86.ActiveCfg = Debug|Any CPU
		{E9C29553-FBD1-404A-A951-4C400E330998}.Debug|x86.Build.0 = Debug|Any CPU
		{E9C29553-FBD1-404A-A951-4C400E330998}.Release|Any CPU.ActiveCfg = Release|Any CPU
		{E9C29553-FBD1-404A-A951-4C400E330998}.Release|Any CPU.Build.0 = Release|Any CPU
		{E9C29553-FBD1-404A-A951-4C400E330998}.Release|ARM.ActiveCfg = Release|Any CPU
		{E9C29553-FBD1-404A-A951-4C400E330998}.Release|ARM.Build.0 = Release|Any CPU
		{E9C29553-FBD1-404A-A951-4C400E330998}.Release|iPhone.ActiveCfg = Release|Any CPU
		{E9C29553-FBD1-404A-A951-4C400E330998}.Release|iPhone.Build.0 = Release|Any CPU
		{E9C29553-FBD1-404A-A951-4C400E330998}.Release|iPhoneSimulator.ActiveCfg = Release|Any CPU
		{E9C29553-FBD1-404A-A951-4C400E330998}.Release|iPhoneSimulator.Build.0 = Release|Any CPU
		{E9C29553-FBD1-404A-A951-4C400E330998}.Release|x64.ActiveCfg = Release|Any CPU
		{E9C29553-FBD1-404A-A951-4C400E330998}.Release|x64.Build.0 = Release|Any CPU
		{E9C29553-FBD1-404A-A951-4C400E330998}.Release|x86.ActiveCfg = Release|Any CPU
		{E9C29553-FBD1-404A-A951-4C400E330998}.Release|x86.Build.0 = Release|Any CPU
		{9A48D91C-E410-4C0B-A8D7-692D58B315F6}.Ad-Hoc|Any CPU.ActiveCfg = Debug|Any CPU
		{9A48D91C-E410-4C0B-A8D7-692D58B315F6}.Ad-Hoc|Any CPU.Build.0 = Debug|Any CPU
		{9A48D91C-E410-4C0B-A8D7-692D58B315F6}.Ad-Hoc|ARM.ActiveCfg = Debug|Any CPU
		{9A48D91C-E410-4C0B-A8D7-692D58B315F6}.Ad-Hoc|ARM.Build.0 = Debug|Any CPU
		{9A48D91C-E410-4C0B-A8D7-692D58B315F6}.Ad-Hoc|iPhone.ActiveCfg = Debug|Any CPU
		{9A48D91C-E410-4C0B-A8D7-692D58B315F6}.Ad-Hoc|iPhone.Build.0 = Debug|Any CPU
		{9A48D91C-E410-4C0B-A8D7-692D58B315F6}.Ad-Hoc|iPhoneSimulator.ActiveCfg = Debug|Any CPU
		{9A48D91C-E410-4C0B-A8D7-692D58B315F6}.Ad-Hoc|iPhoneSimulator.Build.0 = Debug|Any CPU
		{9A48D91C-E410-4C0B-A8D7-692D58B315F6}.Ad-Hoc|x64.ActiveCfg = Debug|Any CPU
		{9A48D91C-E410-4C0B-A8D7-692D58B315F6}.Ad-Hoc|x64.Build.0 = Debug|Any CPU
		{9A48D91C-E410-4C0B-A8D7-692D58B315F6}.Ad-Hoc|x86.ActiveCfg = Debug|Any CPU
		{9A48D91C-E410-4C0B-A8D7-692D58B315F6}.Ad-Hoc|x86.Build.0 = Debug|Any CPU
		{9A48D91C-E410-4C0B-A8D7-692D58B315F6}.AppStore|Any CPU.ActiveCfg = Debug|Any CPU
		{9A48D91C-E410-4C0B-A8D7-692D58B315F6}.AppStore|Any CPU.Build.0 = Debug|Any CPU
		{9A48D91C-E410-4C0B-A8D7-692D58B315F6}.AppStore|ARM.ActiveCfg = Debug|Any CPU
		{9A48D91C-E410-4C0B-A8D7-692D58B315F6}.AppStore|ARM.Build.0 = Debug|Any CPU
		{9A48D91C-E410-4C0B-A8D7-692D58B315F6}.AppStore|iPhone.ActiveCfg = Debug|Any CPU
		{9A48D91C-E410-4C0B-A8D7-692D58B315F6}.AppStore|iPhone.Build.0 = Debug|Any CPU
		{9A48D91C-E410-4C0B-A8D7-692D58B315F6}.AppStore|iPhoneSimulator.ActiveCfg = Debug|Any CPU
		{9A48D91C-E410-4C0B-A8D7-692D58B315F6}.AppStore|iPhoneSimulator.Build.0 = Debug|Any CPU
		{9A48D91C-E410-4C0B-A8D7-692D58B315F6}.AppStore|x64.ActiveCfg = Debug|Any CPU
		{9A48D91C-E410-4C0B-A8D7-692D58B315F6}.AppStore|x64.Build.0 = Debug|Any CPU
		{9A48D91C-E410-4C0B-A8D7-692D58B315F6}.AppStore|x86.ActiveCfg = Debug|Any CPU
		{9A48D91C-E410-4C0B-A8D7-692D58B315F6}.AppStore|x86.Build.0 = Debug|Any CPU
		{9A48D91C-E410-4C0B-A8D7-692D58B315F6}.Debug|Any CPU.ActiveCfg = Debug|Any CPU
		{9A48D91C-E410-4C0B-A8D7-692D58B315F6}.Debug|Any CPU.Build.0 = Debug|Any CPU
		{9A48D91C-E410-4C0B-A8D7-692D58B315F6}.Debug|ARM.ActiveCfg = Debug|Any CPU
		{9A48D91C-E410-4C0B-A8D7-692D58B315F6}.Debug|ARM.Build.0 = Debug|Any CPU
		{9A48D91C-E410-4C0B-A8D7-692D58B315F6}.Debug|iPhone.ActiveCfg = Debug|Any CPU
		{9A48D91C-E410-4C0B-A8D7-692D58B315F6}.Debug|iPhone.Build.0 = Debug|Any CPU
		{9A48D91C-E410-4C0B-A8D7-692D58B315F6}.Debug|iPhoneSimulator.ActiveCfg = Debug|Any CPU
		{9A48D91C-E410-4C0B-A8D7-692D58B315F6}.Debug|iPhoneSimulator.Build.0 = Debug|Any CPU
		{9A48D91C-E410-4C0B-A8D7-692D58B315F6}.Debug|x64.ActiveCfg = Debug|Any CPU
		{9A48D91C-E410-4C0B-A8D7-692D58B315F6}.Debug|x64.Build.0 = Debug|Any CPU
		{9A48D91C-E410-4C0B-A8D7-692D58B315F6}.Debug|x86.ActiveCfg = Debug|Any CPU
		{9A48D91C-E410-4C0B-A8D7-692D58B315F6}.Debug|x86.Build.0 = Debug|Any CPU
		{9A48D91C-E410-4C0B-A8D7-692D58B315F6}.Release|Any CPU.ActiveCfg = Release|Any CPU
		{9A48D91C-E410-4C0B-A8D7-692D58B315F6}.Release|Any CPU.Build.0 = Release|Any CPU
		{9A48D91C-E410-4C0B-A8D7-692D58B315F6}.Release|ARM.ActiveCfg = Release|Any CPU
		{9A48D91C-E410-4C0B-A8D7-692D58B315F6}.Release|ARM.Build.0 = Release|Any CPU
		{9A48D91C-E410-4C0B-A8D7-692D58B315F6}.Release|iPhone.ActiveCfg = Release|Any CPU
		{9A48D91C-E410-4C0B-A8D7-692D58B315F6}.Release|iPhone.Build.0 = Release|Any CPU
		{9A48D91C-E410-4C0B-A8D7-692D58B315F6}.Release|iPhoneSimulator.ActiveCfg = Release|Any CPU
		{9A48D91C-E410-4C0B-A8D7-692D58B315F6}.Release|iPhoneSimulator.Build.0 = Release|Any CPU
		{9A48D91C-E410-4C0B-A8D7-692D58B315F6}.Release|x64.ActiveCfg = Release|Any CPU
		{9A48D91C-E410-4C0B-A8D7-692D58B315F6}.Release|x64.Build.0 = Release|Any CPU
		{9A48D91C-E410-4C0B-A8D7-692D58B315F6}.Release|x86.ActiveCfg = Release|Any CPU
		{9A48D91C-E410-4C0B-A8D7-692D58B315F6}.Release|x86.Build.0 = Release|Any CPU
	EndGlobalSection
	GlobalSection(SolutionProperties) = preSolution
		HideSolutionNode = FALSE
	EndGlobalSection
	GlobalSection(NestedProjects) = preSolution
		{02C8101A-72E7-4E12-A4C3-341CF89A9F67} = {AA911C44-ABAC-4139-B91D-1FA658BA8935}
		{7DBBF98F-A796-4FA1-8394-2ACA0AAE9997} = {AA911C44-ABAC-4139-B91D-1FA658BA8935}
		{E43B1C86-C6AC-40D5-943E-1DF16CFFE8D3} = {DF7A09C3-6E43-4764-94C1-34BC25600F8D}
		{45D23112-1E03-4FE3-A7F7-FAB0DBBD3216} = {DF7A09C3-6E43-4764-94C1-34BC25600F8D}
		{1715C667-EDD5-40B3-B0B9-531C4FF17BFE} = {DF7A09C3-6E43-4764-94C1-34BC25600F8D}
		{E9C29553-FBD1-404A-A951-4C400E330998} = {AA911C44-ABAC-4139-B91D-1FA658BA8935}
		{DF7A09C3-6E43-4764-94C1-34BC25600F8D} = {AA911C44-ABAC-4139-B91D-1FA658BA8935}
	EndGlobalSection
	GlobalSection(ExtensibilityGlobals) = postSolution
		SolutionGuid = {C4D7EA6F-F99A-4724-B299-B98FFA56B0E6}
	EndGlobalSection
EndGlobal
